
Microsoft Visual Studio Solution File, Format Version 12.00
# Visual Studio Version 16
VisualStudioVersion = 16.0.29709.97
MinimumVisualStudioVersion = 10.0.40219.1
Project("{D954291E-2A0B-460D-934E-DC6B0785DB48}") = "GyumeshiPolice.Shared", "GyumeshiPolice\GyumeshiPolice.Shared\GyumeshiPolice.Shared.shproj", "{6279C845-92F8-4333-AB99-3D213163593C}"
EndProject
Project("{FAE04EC0-301F-11D3-BF4B-00C04F79EFBC}") = "GyumeshiPolice.Droid", "GyumeshiPolice\GyumeshiPolice.Droid\GyumeshiPolice.Droid.csproj", "{FD88FACA-41D6-452B-978A-CFBCD88D6833}"
EndProject
Project("{FAE04EC0-301F-11D3-BF4B-00C04F79EFBC}") = "GyumeshiPolice.iOS", "GyumeshiPolice\GyumeshiPolice.iOS\GyumeshiPolice.iOS.csproj", "{E42B1994-2AD0-43C7-A721-38D06DF81BE1}"
EndProject
Project("{FAE04EC0-301F-11D3-BF4B-00C04F79EFBC}") = "GyumeshiPolice.UWP", "GyumeshiPolice\GyumeshiPolice.UWP\GyumeshiPolice.UWP.csproj", "{75BA2A0E-F73A-4B2D-B4F3-B368F720E7B4}"
EndProject
Project("{9A19103F-16F7-4668-BE54-9A1E7A4F7556}") = "GyumeshiPolice.Wasm", "GyumeshiPolice\GyumeshiPolice.Wasm\GyumeshiPolice.Wasm.csproj", "{9D7B65BB-CC23-4B2C-AE5D-09215D790C4E}"
EndProject
Global
	GlobalSection(SharedMSBuildProjectFiles) = preSolution
		GyumeshiPolice\GyumeshiPolice.Shared\GyumeshiPolice.Shared.projitems*{6279c845-92f8-4333-ab99-3d213163593c}*SharedItemsImports = 13
		GyumeshiPolice\GyumeshiPolice.Shared\GyumeshiPolice.Shared.projitems*{75ba2a0e-f73a-4b2d-b4f3-b368f720e7b4}*SharedItemsImports = 4
		GyumeshiPolice\GyumeshiPolice.Shared\GyumeshiPolice.Shared.projitems*{e42b1994-2ad0-43c7-a721-38d06df81be1}*SharedItemsImports = 4
		GyumeshiPolice\GyumeshiPolice.Shared\GyumeshiPolice.Shared.projitems*{fd88faca-41d6-452b-978a-cfbcd88d6833}*SharedItemsImports = 4
	EndGlobalSection
	GlobalSection(SolutionConfigurationPlatforms) = preSolution
		Ad-Hoc|Any CPU = Ad-Hoc|Any CPU
		Ad-Hoc|ARM = Ad-Hoc|ARM
		Ad-Hoc|iPhone = Ad-Hoc|iPhone
		Ad-Hoc|iPhoneSimulator = Ad-Hoc|iPhoneSimulator
		Ad-Hoc|x64 = Ad-Hoc|x64
		Ad-Hoc|x86 = Ad-Hoc|x86
		AppStore|Any CPU = AppStore|Any CPU
		AppStore|ARM = AppStore|ARM
		AppStore|iPhone = AppStore|iPhone
		AppStore|iPhoneSimulator = AppStore|iPhoneSimulator
		AppStore|x64 = AppStore|x64
		AppStore|x86 = AppStore|x86
		Debug|Any CPU = Debug|Any CPU
		Debug|ARM = Debug|ARM
		Debug|iPhone = Debug|iPhone
		Debug|iPhoneSimulator = Debug|iPhoneSimulator
		Debug|x64 = Debug|x64
		Debug|x86 = Debug|x86
		Release|Any CPU = Release|Any CPU
		Release|ARM = Release|ARM
		Release|iPhone = Release|iPhone
		Release|iPhoneSimulator = Release|iPhoneSimulator
		Release|x64 = Release|x64
		Release|x86 = Release|x86
	EndGlobalSection
	GlobalSection(ProjectConfigurationPlatforms) = postSolution
		{FD88FACA-41D6-452B-978A-CFBCD88D6833}.Ad-Hoc|Any CPU.ActiveCfg = Release|Any CPU
		{FD88FACA-41D6-452B-978A-CFBCD88D6833}.Ad-Hoc|Any CPU.Build.0 = Release|Any CPU
		{FD88FACA-41D6-452B-978A-CFBCD88D6833}.Ad-Hoc|Any CPU.Deploy.0 = Release|Any CPU
		{FD88FACA-41D6-452B-978A-CFBCD88D6833}.Ad-Hoc|ARM.ActiveCfg = Release|Any CPU
		{FD88FACA-41D6-452B-978A-CFBCD88D6833}.Ad-Hoc|ARM.Build.0 = Release|Any CPU
		{FD88FACA-41D6-452B-978A-CFBCD88D6833}.Ad-Hoc|ARM.Deploy.0 = Release|Any CPU
		{FD88FACA-41D6-452B-978A-CFBCD88D6833}.Ad-Hoc|iPhone.ActiveCfg = Release|Any CPU
		{FD88FACA-41D6-452B-978A-CFBCD88D6833}.Ad-Hoc|iPhone.Build.0 = Release|Any CPU
		{FD88FACA-41D6-452B-978A-CFBCD88D6833}.Ad-Hoc|iPhone.Deploy.0 = Release|Any CPU
		{FD88FACA-41D6-452B-978A-CFBCD88D6833}.Ad-Hoc|iPhoneSimulator.ActiveCfg = Release|Any CPU
		{FD88FACA-41D6-452B-978A-CFBCD88D6833}.Ad-Hoc|iPhoneSimulator.Build.0 = Release|Any CPU
		{FD88FACA-41D6-452B-978A-CFBCD88D6833}.Ad-Hoc|iPhoneSimulator.Deploy.0 = Release|Any CPU
		{FD88FACA-41D6-452B-978A-CFBCD88D6833}.Ad-Hoc|x64.ActiveCfg = Release|Any CPU
		{FD88FACA-41D6-452B-978A-CFBCD88D6833}.Ad-Hoc|x64.Build.0 = Release|Any CPU
		{FD88FACA-41D6-452B-978A-CFBCD88D6833}.Ad-Hoc|x64.Deploy.0 = Release|Any CPU
		{FD88FACA-41D6-452B-978A-CFBCD88D6833}.Ad-Hoc|x86.ActiveCfg = Release|Any CPU
		{FD88FACA-41D6-452B-978A-CFBCD88D6833}.Ad-Hoc|x86.Build.0 = Release|Any CPU
		{FD88FACA-41D6-452B-978A-CFBCD88D6833}.Ad-Hoc|x86.Deploy.0 = Release|Any CPU
		{FD88FACA-41D6-452B-978A-CFBCD88D6833}.AppStore|Any CPU.ActiveCfg = Release|Any CPU
		{FD88FACA-41D6-452B-978A-CFBCD88D6833}.AppStore|Any CPU.Build.0 = Release|Any CPU
		{FD88FACA-41D6-452B-978A-CFBCD88D6833}.AppStore|Any CPU.Deploy.0 = Release|Any CPU
		{FD88FACA-41D6-452B-978A-CFBCD88D6833}.AppStore|ARM.ActiveCfg = Release|Any CPU
		{FD88FACA-41D6-452B-978A-CFBCD88D6833}.AppStore|ARM.Build.0 = Release|Any CPU
		{FD88FACA-41D6-452B-978A-CFBCD88D6833}.AppStore|ARM.Deploy.0 = Release|Any CPU
		{FD88FACA-41D6-452B-978A-CFBCD88D6833}.AppStore|iPhone.ActiveCfg = Release|Any CPU
		{FD88FACA-41D6-452B-978A-CFBCD88D6833}.AppStore|iPhone.Build.0 = Release|Any CPU
		{FD88FACA-41D6-452B-978A-CFBCD88D6833}.AppStore|iPhone.Deploy.0 = Release|Any CPU
		{FD88FACA-41D6-452B-978A-CFBCD88D6833}.AppStore|iPhoneSimulator.ActiveCfg = Release|Any CPU
		{FD88FACA-41D6-452B-978A-CFBCD88D6833}.AppStore|iPhoneSimulator.Build.0 = Release|Any CPU
		{FD88FACA-41D6-452B-978A-CFBCD88D6833}.AppStore|iPhoneSimulator.Deploy.0 = Release|Any CPU
		{FD88FACA-41D6-452B-978A-CFBCD88D6833}.AppStore|x64.ActiveCfg = Release|Any CPU
		{FD88FACA-41D6-452B-978A-CFBCD88D6833}.AppStore|x64.Build.0 = Release|Any CPU
		{FD88FACA-41D6-452B-978A-CFBCD88D6833}.AppStore|x64.Deploy.0 = Release|Any CPU
		{FD88FACA-41D6-452B-978A-CFBCD88D6833}.AppStore|x86.ActiveCfg = Release|Any CPU
		{FD88FACA-41D6-452B-978A-CFBCD88D6833}.AppStore|x86.Build.0 = Release|Any CPU
		{FD88FACA-41D6-452B-978A-CFBCD88D6833}.AppStore|x86.Deploy.0 = Release|Any CPU
		{FD88FACA-41D6-452B-978A-CFBCD88D6833}.Debug|Any CPU.ActiveCfg = Debug|Any CPU
		{FD88FACA-41D6-452B-978A-CFBCD88D6833}.Debug|Any CPU.Build.0 = Debug|Any CPU
		{FD88FACA-41D6-452B-978A-CFBCD88D6833}.Debug|Any CPU.Deploy.0 = Debug|Any CPU
		{FD88FACA-41D6-452B-978A-CFBCD88D6833}.Debug|ARM.ActiveCfg = Debug|Any CPU
		{FD88FACA-41D6-452B-978A-CFBCD88D6833}.Debug|ARM.Build.0 = Debug|Any CPU
		{FD88FACA-41D6-452B-978A-CFBCD88D6833}.Debug|ARM.Deploy.0 = Debug|Any CPU
		{FD88FACA-41D6-452B-978A-CFBCD88D6833}.Debug|iPhone.ActiveCfg = Debug|Any CPU
		{FD88FACA-41D6-452B-978A-CFBCD88D6833}.Debug|iPhone.Build.0 = Debug|Any CPU
		{FD88FACA-41D6-452B-978A-CFBCD88D6833}.Debug|iPhone.Deploy.0 = Debug|Any CPU
		{FD88FACA-41D6-452B-978A-CFBCD88D6833}.Debug|iPhoneSimulator.ActiveCfg = Debug|Any CPU
		{FD88FACA-41D6-452B-978A-CFBCD88D6833}.Debug|iPhoneSimulator.Build.0 = Debug|Any CPU
		{FD88FACA-41D6-452B-978A-CFBCD88D6833}.Debug|iPhoneSimulator.Deploy.0 = Debug|Any CPU
		{FD88FACA-41D6-452B-978A-CFBCD88D6833}.Debug|x64.ActiveCfg = Debug|Any CPU
		{FD88FACA-41D6-452B-978A-CFBCD88D6833}.Debug|x64.Build.0 = Debug|Any CPU
		{FD88FACA-41D6-452B-978A-CFBCD88D6833}.Debug|x64.Deploy.0 = Debug|Any CPU
		{FD88FACA-41D6-452B-978A-CFBCD88D6833}.Debug|x86.ActiveCfg = Debug|Any CPU
		{FD88FACA-41D6-452B-978A-CFBCD88D6833}.Debug|x86.Build.0 = Debug|Any CPU
		{FD88FACA-41D6-452B-978A-CFBCD88D6833}.Debug|x86.Deploy.0 = Debug|Any CPU
		{FD88FACA-41D6-452B-978A-CFBCD88D6833}.Release|Any CPU.ActiveCfg = Release|Any CPU
		{FD88FACA-41D6-452B-978A-CFBCD88D6833}.Release|Any CPU.Build.0 = Release|Any CPU
		{FD88FACA-41D6-452B-978A-CFBCD88D6833}.Release|Any CPU.Deploy.0 = Release|Any CPU
		{FD88FACA-41D6-452B-978A-CFBCD88D6833}.Release|ARM.ActiveCfg = Release|Any CPU
		{FD88FACA-41D6-452B-978A-CFBCD88D6833}.Release|ARM.Build.0 = Release|Any CPU
		{FD88FACA-41D6-452B-978A-CFBCD88D6833}.Release|ARM.Deploy.0 = Release|Any CPU
		{FD88FACA-41D6-452B-978A-CFBCD88D6833}.Release|iPhone.ActiveCfg = Release|Any CPU
		{FD88FACA-41D6-452B-978A-CFBCD88D6833}.Release|iPhone.Build.0 = Release|Any CPU
		{FD88FACA-41D6-452B-978A-CFBCD88D6833}.Release|iPhone.Deploy.0 = Release|Any CPU
		{FD88FACA-41D6-452B-978A-CFBCD88D6833}.Release|iPhoneSimulator.ActiveCfg = Release|Any CPU
		{FD88FACA-41D6-452B-978A-CFBCD88D6833}.Release|iPhoneSimulator.Build.0 = Release|Any CPU
		{FD88FACA-41D6-452B-978A-CFBCD88D6833}.Release|iPhoneSimulator.Deploy.0 = Release|Any CPU
		{FD88FACA-41D6-452B-978A-CFBCD88D6833}.Release|x64.ActiveCfg = Release|Any CPU
		{FD88FACA-41D6-452B-978A-CFBCD88D6833}.Release|x64.Build.0 = Release|Any CPU
		{FD88FACA-41D6-452B-978A-CFBCD88D6833}.Release|x64.Deploy.0 = Release|Any CPU
		{FD88FACA-41D6-452B-978A-CFBCD88D6833}.Release|x86.ActiveCfg = Release|Any CPU
		{FD88FACA-41D6-452B-978A-CFBCD88D6833}.Release|x86.Build.0 = Release|Any CPU
		{FD88FACA-41D6-452B-978A-CFBCD88D6833}.Release|x86.Deploy.0 = Release|Any CPU
		{E42B1994-2AD0-43C7-A721-38D06DF81BE1}.Ad-Hoc|Any CPU.ActiveCfg = Ad-Hoc|iPhone
		{E42B1994-2AD0-43C7-A721-38D06DF81BE1}.Ad-Hoc|ARM.ActiveCfg = Ad-Hoc|iPhone
		{E42B1994-2AD0-43C7-A721-38D06DF81BE1}.Ad-Hoc|iPhone.ActiveCfg = Ad-Hoc|iPhone
		{E42B1994-2AD0-43C7-A721-38D06DF81BE1}.Ad-Hoc|iPhone.Build.0 = Ad-Hoc|iPhone
		{E42B1994-2AD0-43C7-A721-38D06DF81BE1}.Ad-Hoc|iPhoneSimulator.ActiveCfg = Ad-Hoc|iPhoneSimulator
		{E42B1994-2AD0-43C7-A721-38D06DF81BE1}.Ad-Hoc|iPhoneSimulator.Build.0 = Ad-Hoc|iPhoneSimulator
		{E42B1994-2AD0-43C7-A721-38D06DF81BE1}.Ad-Hoc|x64.ActiveCfg = Ad-Hoc|iPhone
		{E42B1994-2AD0-43C7-A721-38D06DF81BE1}.Ad-Hoc|x86.ActiveCfg = Ad-Hoc|iPhone
		{E42B1994-2AD0-43C7-A721-38D06DF81BE1}.AppStore|Any CPU.ActiveCfg = AppStore|iPhone
		{E42B1994-2AD0-43C7-A721-38D06DF81BE1}.AppStore|ARM.ActiveCfg = AppStore|iPhone
		{E42B1994-2AD0-43C7-A721-38D06DF81BE1}.AppStore|iPhone.ActiveCfg = AppStore|iPhone
		{E42B1994-2AD0-43C7-A721-38D06DF81BE1}.AppStore|iPhone.Build.0 = AppStore|iPhone
		{E42B1994-2AD0-43C7-A721-38D06DF81BE1}.AppStore|iPhoneSimulator.ActiveCfg = AppStore|iPhoneSimulator
		{E42B1994-2AD0-43C7-A721-38D06DF81BE1}.AppStore|iPhoneSimulator.Build.0 = AppStore|iPhoneSimulator
		{E42B1994-2AD0-43C7-A721-38D06DF81BE1}.AppStore|x64.ActiveCfg = AppStore|iPhone
		{E42B1994-2AD0-43C7-A721-38D06DF81BE1}.AppStore|x86.ActiveCfg = AppStore|iPhone
		{E42B1994-2AD0-43C7-A721-38D06DF81BE1}.Debug|Any CPU.ActiveCfg = Debug|iPhone
		{E42B1994-2AD0-43C7-A721-38D06DF81BE1}.Debug|ARM.ActiveCfg = Debug|iPhone
		{E42B1994-2AD0-43C7-A721-38D06DF81BE1}.Debug|iPhone.ActiveCfg = Debug|iPhone
		{E42B1994-2AD0-43C7-A721-38D06DF81BE1}.Debug|iPhone.Build.0 = Debug|iPhone
		{E42B1994-2AD0-43C7-A721-38D06DF81BE1}.Debug|iPhoneSimulator.ActiveCfg = Debug|iPhoneSimulator
		{E42B1994-2AD0-43C7-A721-38D06DF81BE1}.Debug|iPhoneSimulator.Build.0 = Debug|iPhoneSimulator
		{E42B1994-2AD0-43C7-A721-38D06DF81BE1}.Debug|x64.ActiveCfg = Debug|iPhone
		{E42B1994-2AD0-43C7-A721-38D06DF81BE1}.Debug|x86.ActiveCfg = Debug|iPhone
		{E42B1994-2AD0-43C7-A721-38D06DF81BE1}.Release|Any CPU.ActiveCfg = Release|iPhone
		{E42B1994-2AD0-43C7-A721-38D06DF81BE1}.Release|ARM.ActiveCfg = Release|iPhone
		{E42B1994-2AD0-43C7-A721-38D06DF81BE1}.Release|iPhone.ActiveCfg = Release|iPhone
		{E42B1994-2AD0-43C7-A721-38D06DF81BE1}.Release|iPhone.Build.0 = Release|iPhone
		{E42B1994-2AD0-43C7-A721-38D06DF81BE1}.Release|iPhoneSimulator.ActiveCfg = Release|iPhoneSimulator
		{E42B1994-2AD0-43C7-A721-38D06DF81BE1}.Release|iPhoneSimulator.Build.0 = Release|iPhoneSimulator
		{E42B1994-2AD0-43C7-A721-38D06DF81BE1}.Release|x64.ActiveCfg = Release|iPhone
		{E42B1994-2AD0-43C7-A721-38D06DF81BE1}.Release|x86.ActiveCfg = Release|iPhone
		{75BA2A0E-F73A-4B2D-B4F3-B368F720E7B4}.Ad-Hoc|Any CPU.ActiveCfg = Release|x64
		{75BA2A0E-F73A-4B2D-B4F3-B368F720E7B4}.Ad-Hoc|Any CPU.Build.0 = Release|x64
		{75BA2A0E-F73A-4B2D-B4F3-B368F720E7B4}.Ad-Hoc|Any CPU.Deploy.0 = Release|x64
		{75BA2A0E-F73A-4B2D-B4F3-B368F720E7B4}.Ad-Hoc|ARM.ActiveCfg = Release|ARM
		{75BA2A0E-F73A-4B2D-B4F3-B368F720E7B4}.Ad-Hoc|ARM.Build.0 = Release|ARM
		{75BA2A0E-F73A-4B2D-B4F3-B368F720E7B4}.Ad-Hoc|ARM.Deploy.0 = Release|ARM
		{75BA2A0E-F73A-4B2D-B4F3-B368F720E7B4}.Ad-Hoc|iPhone.ActiveCfg = Release|x64
		{75BA2A0E-F73A-4B2D-B4F3-B368F720E7B4}.Ad-Hoc|iPhone.Build.0 = Release|x64
		{75BA2A0E-F73A-4B2D-B4F3-B368F720E7B4}.Ad-Hoc|iPhone.Deploy.0 = Release|x64
		{75BA2A0E-F73A-4B2D-B4F3-B368F720E7B4}.Ad-Hoc|iPhoneSimulator.ActiveCfg = Release|x64
		{75BA2A0E-F73A-4B2D-B4F3-B368F720E7B4}.Ad-Hoc|iPhoneSimulator.Build.0 = Release|x64
		{75BA2A0E-F73A-4B2D-B4F3-B368F720E7B4}.Ad-Hoc|iPhoneSimulator.Deploy.0 = Release|x64
		{75BA2A0E-F73A-4B2D-B4F3-B368F720E7B4}.Ad-Hoc|x64.ActiveCfg = Release|x64
		{75BA2A0E-F73A-4B2D-B4F3-B368F720E7B4}.Ad-Hoc|x64.Build.0 = Release|x64
		{75BA2A0E-F73A-4B2D-B4F3-B368F720E7B4}.Ad-Hoc|x64.Deploy.0 = Release|x64
		{75BA2A0E-F73A-4B2D-B4F3-B368F720E7B4}.Ad-Hoc|x86.ActiveCfg = Release|x86
		{75BA2A0E-F73A-4B2D-B4F3-B368F720E7B4}.Ad-Hoc|x86.Build.0 = Release|x86
		{75BA2A0E-F73A-4B2D-B4F3-B368F720E7B4}.Ad-Hoc|x86.Deploy.0 = Release|x86
		{75BA2A0E-F73A-4B2D-B4F3-B368F720E7B4}.AppStore|Any CPU.ActiveCfg = Release|x64
		{75BA2A0E-F73A-4B2D-B4F3-B368F720E7B4}.AppStore|Any CPU.Build.0 = Release|x64
		{75BA2A0E-F73A-4B2D-B4F3-B368F720E7B4}.AppStore|Any CPU.Deploy.0 = Release|x64
		{75BA2A0E-F73A-4B2D-B4F3-B368F720E7B4}.AppStore|ARM.ActiveCfg = Release|ARM
		{75BA2A0E-F73A-4B2D-B4F3-B368F720E7B4}.AppStore|ARM.Build.0 = Release|ARM
		{75BA2A0E-F73A-4B2D-B4F3-B368F720E7B4}.AppStore|ARM.Deploy.0 = Release|ARM
		{75BA2A0E-F73A-4B2D-B4F3-B368F720E7B4}.AppStore|iPhone.ActiveCfg = Release|x64
		{75BA2A0E-F73A-4B2D-B4F3-B368F720E7B4}.AppStore|iPhone.Build.0 = Release|x64
		{75BA2A0E-F73A-4B2D-B4F3-B368F720E7B4}.AppStore|iPhone.Deploy.0 = Release|x64
		{75BA2A0E-F73A-4B2D-B4F3-B368F720E7B4}.AppStore|iPhoneSimulator.ActiveCfg = Release|x64
		{75BA2A0E-F73A-4B2D-B4F3-B368F720E7B4}.AppStore|iPhoneSimulator.Build.0 = Release|x64
		{75BA2A0E-F73A-4B2D-B4F3-B368F720E7B4}.AppStore|iPhoneSimulator.Deploy.0 = Release|x64
		{75BA2A0E-F73A-4B2D-B4F3-B368F720E7B4}.AppStore|x64.ActiveCfg = Release|x64
		{75BA2A0E-F73A-4B2D-B4F3-B368F720E7B4}.AppStore|x64.Build.0 = Release|x64
		{75BA2A0E-F73A-4B2D-B4F3-B368F720E7B4}.AppStore|x64.Deploy.0 = Release|x64
		{75BA2A0E-F73A-4B2D-B4F3-B368F720E7B4}.AppStore|x86.ActiveCfg = Release|x86
		{75BA2A0E-F73A-4B2D-B4F3-B368F720E7B4}.AppStore|x86.Build.0 = Release|x86
		{75BA2A0E-F73A-4B2D-B4F3-B368F720E7B4}.AppStore|x86.Deploy.0 = Release|x86
		{75BA2A0E-F73A-4B2D-B4F3-B368F720E7B4}.Debug|Any CPU.ActiveCfg = Debug|x86
		{75BA2A0E-F73A-4B2D-B4F3-B368F720E7B4}.Debug|ARM.ActiveCfg = Debug|ARM
		{75BA2A0E-F73A-4B2D-B4F3-B368F720E7B4}.Debug|ARM.Build.0 = Debug|ARM
		{75BA2A0E-F73A-4B2D-B4F3-B368F720E7B4}.Debug|ARM.Deploy.0 = Debug|ARM
		{75BA2A0E-F73A-4B2D-B4F3-B368F720E7B4}.Debug|iPhone.ActiveCfg = Debug|x86
		{75BA2A0E-F73A-4B2D-B4F3-B368F720E7B4}.Debug|iPhoneSimulator.ActiveCfg = Debug|x86
		{75BA2A0E-F73A-4B2D-B4F3-B368F720E7B4}.Debug|x64.ActiveCfg = Debug|x64
		{75BA2A0E-F73A-4B2D-B4F3-B368F720E7B4}.Debug|x64.Build.0 = Debug|x64
		{75BA2A0E-F73A-4B2D-B4F3-B368F720E7B4}.Debug|x64.Deploy.0 = Debug|x64
		{75BA2A0E-F73A-4B2D-B4F3-B368F720E7B4}.Debug|x86.ActiveCfg = Debug|x86
		{75BA2A0E-F73A-4B2D-B4F3-B368F720E7B4}.Debug|x86.Build.0 = Debug|x86
		{75BA2A0E-F73A-4B2D-B4F3-B368F720E7B4}.Debug|x86.Deploy.0 = Debug|x86
		{75BA2A0E-F73A-4B2D-B4F3-B368F720E7B4}.Release|Any CPU.ActiveCfg = Release|x86
		{75BA2A0E-F73A-4B2D-B4F3-B368F720E7B4}.Release|ARM.ActiveCfg = Release|ARM
		{75BA2A0E-F73A-4B2D-B4F3-B368F720E7B4}.Release|ARM.Build.0 = Release|ARM
		{75BA2A0E-F73A-4B2D-B4F3-B368F720E7B4}.Release|ARM.Deploy.0 = Release|ARM
		{75BA2A0E-F73A-4B2D-B4F3-B368F720E7B4}.Release|iPhone.ActiveCfg = Release|x86
		{75BA2A0E-F73A-4B2D-B4F3-B368F720E7B4}.Release|iPhoneSimulator.ActiveCfg = Release|x86
		{75BA2A0E-F73A-4B2D-B4F3-B368F720E7B4}.Release|x64.ActiveCfg = Release|x64
		{75BA2A0E-F73A-4B2D-B4F3-B368F720E7B4}.Release|x64.Build.0 = Release|x64
		{75BA2A0E-F73A-4B2D-B4F3-B368F720E7B4}.Release|x64.Deploy.0 = Release|x64
		{75BA2A0E-F73A-4B2D-B4F3-B368F720E7B4}.Release|x86.ActiveCfg = Release|x86
		{75BA2A0E-F73A-4B2D-B4F3-B368F720E7B4}.Release|x86.Build.0 = Release|x86
		{75BA2A0E-F73A-4B2D-B4F3-B368F720E7B4}.Release|x86.Deploy.0 = Release|x86
		{9D7B65BB-CC23-4B2C-AE5D-09215D790C4E}.Ad-Hoc|Any CPU.ActiveCfg = Debug|Any CPU
		{9D7B65BB-CC23-4B2C-AE5D-09215D790C4E}.Ad-Hoc|Any CPU.Build.0 = Debug|Any CPU
		{9D7B65BB-CC23-4B2C-AE5D-09215D790C4E}.Ad-Hoc|ARM.ActiveCfg = Debug|Any CPU
		{9D7B65BB-CC23-4B2C-AE5D-09215D790C4E}.Ad-Hoc|ARM.Build.0 = Debug|Any CPU
		{9D7B65BB-CC23-4B2C-AE5D-09215D790C4E}.Ad-Hoc|iPhone.ActiveCfg = Debug|Any CPU
		{9D7B65BB-CC23-4B2C-AE5D-09215D790C4E}.Ad-Hoc|iPhone.Build.0 = Debug|Any CPU
		{9D7B65BB-CC23-4B2C-AE5D-09215D790C4E}.Ad-Hoc|iPhoneSimulator.ActiveCfg = Debug|Any CPU
		{9D7B65BB-CC23-4B2C-AE5D-09215D790C4E}.Ad-Hoc|iPhoneSimulator.Build.0 = Debug|Any CPU
		{9D7B65BB-CC23-4B2C-AE5D-09215D790C4E}.Ad-Hoc|x64.ActiveCfg = Debug|Any CPU
		{9D7B65BB-CC23-4B2C-AE5D-09215D790C4E}.Ad-Hoc|x64.Build.0 = Debug|Any CPU
		{9D7B65BB-CC23-4B2C-AE5D-09215D790C4E}.Ad-Hoc|x86.ActiveCfg = Debug|Any CPU
		{9D7B65BB-CC23-4B2C-AE5D-09215D790C4E}.Ad-Hoc|x86.Build.0 = Debug|Any CPU
		{9D7B65BB-CC23-4B2C-AE5D-09215D790C4E}.AppStore|Any CPU.ActiveCfg = Debug|Any CPU
		{9D7B65BB-CC23-4B2C-AE5D-09215D790C4E}.AppStore|Any CPU.Build.0 = Debug|Any CPU
		{9D7B65BB-CC23-4B2C-AE5D-09215D790C4E}.AppStore|ARM.ActiveCfg = Debug|Any CPU
		{9D7B65BB-CC23-4B2C-AE5D-09215D790C4E}.AppStore|ARM.Build.0 = Debug|Any CPU
		{9D7B65BB-CC23-4B2C-AE5D-09215D790C4E}.AppStore|iPhone.ActiveCfg = Debug|Any CPU
		{9D7B65BB-CC23-4B2C-AE5D-09215D790C4E}.AppStore|iPhone.Build.0 = Debug|Any CPU
		{9D7B65BB-CC23-4B2C-AE5D-09215D790C4E}.AppStore|iPhoneSimulator.ActiveCfg = Debug|Any CPU
		{9D7B65BB-CC23-4B2C-AE5D-09215D790C4E}.AppStore|iPhoneSimulator.Build.0 = Debug|Any CPU
		{9D7B65BB-CC23-4B2C-AE5D-09215D790C4E}.AppStore|x64.ActiveCfg = Debug|Any CPU
		{9D7B65BB-CC23-4B2C-AE5D-09215D790C4E}.AppStore|x64.Build.0 = Debug|Any CPU
		{9D7B65BB-CC23-4B2C-AE5D-09215D790C4E}.AppStore|x86.ActiveCfg = Debug|Any CPU
		{9D7B65BB-CC23-4B2C-AE5D-09215D790C4E}.AppStore|x86.Build.0 = Debug|Any CPU
		{9D7B65BB-CC23-4B2C-AE5D-09215D790C4E}.Debug|Any CPU.ActiveCfg = Debug|Any CPU
		{9D7B65BB-CC23-4B2C-AE5D-09215D790C4E}.Debug|Any CPU.Build.0 = Debug|Any CPU
		{9D7B65BB-CC23-4B2C-AE5D-09215D790C4E}.Debug|ARM.ActiveCfg = Debug|Any CPU
		{9D7B65BB-CC23-4B2C-AE5D-09215D790C4E}.Debug|ARM.Build.0 = Debug|Any CPU
		{9D7B65BB-CC23-4B2C-AE5D-09215D790C4E}.Debug|iPhone.ActiveCfg = Debug|Any CPU
		{9D7B65BB-CC23-4B2C-AE5D-09215D790C4E}.Debug|iPhone.Build.0 = Debug|Any CPU
		{9D7B65BB-CC23-4B2C-AE5D-09215D790C4E}.Debug|iPhoneSimulator.ActiveCfg = Debug|Any CPU
		{9D7B65BB-CC23-4B2C-AE5D-09215D790C4E}.Debug|iPhoneSimulator.Build.0 = Debug|Any CPU
		{9D7B65BB-CC23-4B2C-AE5D-09215D790C4E}.Debug|x64.ActiveCfg = Debug|Any CPU
		{9D7B65BB-CC23-4B2C-AE5D-09215D790C4E}.Debug|x64.Build.0 = Debug|Any CPU
		{9D7B65BB-CC23-4B2C-AE5D-09215D790C4E}.Debug|x86.ActiveCfg = Debug|Any CPU
		{9D7B65BB-CC23-4B2C-AE5D-09215D790C4E}.Debug|x86.Build.0 = Debug|Any CPU
		{9D7B65BB-CC23-4B2C-AE5D-09215D790C4E}.Release|Any CPU.ActiveCfg = Release|Any CPU
		{9D7B65BB-CC23-4B2C-AE5D-09215D790C4E}.Release|Any CPU.Build.0 = Release|Any CPU
		{9D7B65BB-CC23-4B2C-AE5D-09215D790C4E}.Release|ARM.ActiveCfg = Release|Any CPU
		{9D7B65BB-CC23-4B2C-AE5D-09215D790C4E}.Release|ARM.Build.0 = Release|Any CPU
		{9D7B65BB-CC23-4B2C-AE5D-09215D790C4E}.Release|iPhone.ActiveCfg = Release|Any CPU
		{9D7B65BB-CC23-4B2C-AE5D-09215D790C4E}.Release|iPhone.Build.0 = Release|Any CPU
		{9D7B65BB-CC23-4B2C-AE5D-09215D790C4E}.Release|iPhoneSimulator.ActiveCfg = Release|Any CPU
		{9D7B65BB-CC23-4B2C-AE5D-09215D790C4E}.Release|iPhoneSimulator.Build.0 = Release|Any CPU
		{9D7B65BB-CC23-4B2C-AE5D-09215D790C4E}.Release|x64.ActiveCfg = Release|Any CPU
		{9D7B65BB-CC23-4B2C-AE5D-09215D790C4E}.Release|x64.Build.0 = Release|Any CPU
		{9D7B65BB-CC23-4B2C-AE5D-09215D790C4E}.Release|x86.ActiveCfg = Release|Any CPU
		{9D7B65BB-CC23-4B2C-AE5D-09215D790C4E}.Release|x86.Build.0 = Release|Any CPU
	EndGlobalSection
	GlobalSection(SolutionProperties) = preSolution
		HideSolutionNode = FALSE
	EndGlobalSection
	GlobalSection(ExtensibilityGlobals) = postSolution
		SolutionGuid = {89213CFE-A513-48AA-9671-9FA3ABCC3E31}
	EndGlobalSection
EndGlobal
